// !$*UTF8*$!
{
	archiveVersion = 1;
	classes = {
	};
	objectVersion = 55;
	objects = {

/* Begin PBXBuildFile section */
		230EF1B828F07C680005AD25 /* AccountSummaryViewController.swift in Sources */ = {isa = PBXBuildFile; fileRef = 230EF1B728F07C680005AD25 /* AccountSummaryViewController.swift */; };
		235B2CF828F1CBB600EAE64F /* AccountSummaryCell.swift in Sources */ = {isa = PBXBuildFile; fileRef = 235B2CF728F1CBB600EAE64F /* AccountSummaryCell.swift */; };
		235B2CFA28F4E5A300EAE64F /* Decimal+Utils.swift in Sources */ = {isa = PBXBuildFile; fileRef = 235B2CF928F4E5A300EAE64F /* Decimal+Utils.swift */; };
		235B2CFC28F4E60900EAE64F /* CurrencyFormatter.swift in Sources */ = {isa = PBXBuildFile; fileRef = 235B2CFB28F4E60900EAE64F /* CurrencyFormatter.swift */; };
		235D714B2906FB930055064B /* NSNotificationName.swift in Sources */ = {isa = PBXBuildFile; fileRef = 235D714A2906FB930055064B /* NSNotificationName.swift */; };
		235D714D29070D950055064B /* UITextField+SecureToggle.swift in Sources */ = {isa = PBXBuildFile; fileRef = 235D714C29070D950055064B /* UITextField+SecureToggle.swift */; };
		23682FCB28C6345600A49D0F /* AppDelegate.swift in Sources */ = {isa = PBXBuildFile; fileRef = 23682FCA28C6345600A49D0F /* AppDelegate.swift */; };
		23682FCF28C6345600A49D0F /* LoginViewController.swift in Sources */ = {isa = PBXBuildFile; fileRef = 23682FCE28C6345600A49D0F /* LoginViewController.swift */; };
		23682FD428C6345A00A49D0F /* Assets.xcassets in Resources */ = {isa = PBXBuildFile; fileRef = 23682FD328C6345A00A49D0F /* Assets.xcassets */; };
		23682FD728C6345A00A49D0F /* LaunchScreen.storyboard in Resources */ = {isa = PBXBuildFile; fileRef = 23682FD528C6345A00A49D0F /* LaunchScreen.storyboard */; };
		2379892328EBCE5C000059F3 /* LocalState.swift in Sources */ = {isa = PBXBuildFile; fileRef = 2379892228EBCE5C000059F3 /* LocalState.swift */; };
		2379892528EBD6CB000059F3 /* UVViewController+Utils.swift in Sources */ = {isa = PBXBuildFile; fileRef = 2379892428EBD6CB000059F3 /* UVViewController+Utils.swift */; };
		2379892728EBD982000059F3 /* MainViewController.swift in Sources */ = {isa = PBXBuildFile; fileRef = 2379892628EBD982000059F3 /* MainViewController.swift */; };
		23A496A1290349460008E03E /* CurrencyFormatterTest.swift in Sources */ = {isa = PBXBuildFile; fileRef = 23A496A0290349450008E03E /* CurrencyFormatterTest.swift */; };
		23B434D728D3CD0E000A3FD0 /* OnboardingViewController.swift in Sources */ = {isa = PBXBuildFile; fileRef = 23B434D628D3CD0E000A3FD0 /* OnboardingViewController.swift */; };
		23B434D928D4E6E4000A3FD0 /* DummyViewController.swift in Sources */ = {isa = PBXBuildFile; fileRef = 23B434D828D4E6E4000A3FD0 /* DummyViewController.swift */; };
		23BC720F28F0ED8C00D7AD62 /* AccountSummaryHeaderView.swift in Sources */ = {isa = PBXBuildFile; fileRef = 23BC720E28F0ED8C00D7AD62 /* AccountSummaryHeaderView.swift */; };
		23BC721128F0EDC400D7AD62 /* AccountSummaryHeaderView.xib in Resources */ = {isa = PBXBuildFile; fileRef = 23BC721028F0EDC400D7AD62 /* AccountSummaryHeaderView.xib */; };
		23FA918428C8DF41007EBB04 /* LoginView.swift in Sources */ = {isa = PBXBuildFile; fileRef = 23FA918328C8DF41007EBB04 /* LoginView.swift */; };
		23FA918928CA9BEF007EBB04 /* OnboardingContainerViewController.swift in Sources */ = {isa = PBXBuildFile; fileRef = 23FA918828CA9BEF007EBB04 /* OnboardingContainerViewController.swift */; };
/* End PBXBuildFile section */

/* Begin PBXContainerItemProxy section */
		2368587F28F60AB1000DB469 /* PBXContainerItemProxy */ = {
			isa = PBXContainerItemProxy;
			containerPortal = 23682FBF28C6345600A49D0F /* Project object */;
			proxyType = 1;
			remoteGlobalIDString = 23682FC628C6345600A49D0F;
			remoteInfo = "ios-bankey";
		};
/* End PBXContainerItemProxy section */

/* Begin PBXFileReference section */
		230EF1B728F07C680005AD25 /* AccountSummaryViewController.swift */ = {isa = PBXFileReference; lastKnownFileType = sourcecode.swift; path = AccountSummaryViewController.swift; sourceTree = "<group>"; };
		235B2CF728F1CBB600EAE64F /* AccountSummaryCell.swift */ = {isa = PBXFileReference; lastKnownFileType = sourcecode.swift; path = AccountSummaryCell.swift; sourceTree = "<group>"; };
		235B2CF928F4E5A300EAE64F /* Decimal+Utils.swift */ = {isa = PBXFileReference; lastKnownFileType = sourcecode.swift; path = "Decimal+Utils.swift"; sourceTree = "<group>"; };
		235B2CFB28F4E60900EAE64F /* CurrencyFormatter.swift */ = {isa = PBXFileReference; lastKnownFileType = sourcecode.swift; path = CurrencyFormatter.swift; sourceTree = "<group>"; };
		235D714A2906FB930055064B /* NSNotificationName.swift */ = {isa = PBXFileReference; lastKnownFileType = sourcecode.swift; path = NSNotificationName.swift; sourceTree = "<group>"; };
		235D714C29070D950055064B /* UITextField+SecureToggle.swift */ = {isa = PBXFileReference; lastKnownFileType = sourcecode.swift; path = "UITextField+SecureToggle.swift"; sourceTree = "<group>"; };
		23682FC728C6345600A49D0F /* ios-bankey.app */ = {isa = PBXFileReference; explicitFileType = wrapper.application; includeInIndex = 0; path = "ios-bankey.app"; sourceTree = BUILT_PRODUCTS_DIR; };
		23682FCA28C6345600A49D0F /* AppDelegate.swift */ = {isa = PBXFileReference; lastKnownFileType = sourcecode.swift; path = AppDelegate.swift; sourceTree = "<group>"; };
		23682FCE28C6345600A49D0F /* LoginViewController.swift */ = {isa = PBXFileReference; lastKnownFileType = sourcecode.swift; path = LoginViewController.swift; sourceTree = "<group>"; };
		23682FD328C6345A00A49D0F /* Assets.xcassets */ = {isa = PBXFileReference; lastKnownFileType = folder.assetcatalog; path = Assets.xcassets; sourceTree = "<group>"; };
		23682FD628C6345A00A49D0F /* Base */ = {isa = PBXFileReference; lastKnownFileType = file.storyboard; name = Base; path = Base.lproj/LaunchScreen.storyboard; sourceTree = "<group>"; };
		23682FD828C6345A00A49D0F /* Info.plist */ = {isa = PBXFileReference; lastKnownFileType = text.plist.xml; path = Info.plist; sourceTree = "<group>"; };
		2368587B28F60AB1000DB469 /* ios-bankeyUnitTests.xctest */ = {isa = PBXFileReference; explicitFileType = wrapper.cfbundle; includeInIndex = 0; path = "ios-bankeyUnitTests.xctest"; sourceTree = BUILT_PRODUCTS_DIR; };
		2379892228EBCE5C000059F3 /* LocalState.swift */ = {isa = PBXFileReference; lastKnownFileType = sourcecode.swift; path = LocalState.swift; sourceTree = "<group>"; };
		2379892428EBD6CB000059F3 /* UVViewController+Utils.swift */ = {isa = PBXFileReference; lastKnownFileType = sourcecode.swift; path = "UVViewController+Utils.swift"; sourceTree = "<group>"; };
		2379892628EBD982000059F3 /* MainViewController.swift */ = {isa = PBXFileReference; lastKnownFileType = sourcecode.swift; path = MainViewController.swift; sourceTree = "<group>"; };
		23A496A0290349450008E03E /* CurrencyFormatterTest.swift */ = {isa = PBXFileReference; lastKnownFileType = sourcecode.swift; path = CurrencyFormatterTest.swift; sourceTree = "<group>"; };
		23B434D628D3CD0E000A3FD0 /* OnboardingViewController.swift */ = {isa = PBXFileReference; lastKnownFileType = sourcecode.swift; path = OnboardingViewController.swift; sourceTree = "<group>"; };
		23B434D828D4E6E4000A3FD0 /* DummyViewController.swift */ = {isa = PBXFileReference; lastKnownFileType = sourcecode.swift; path = DummyViewController.swift; sourceTree = "<group>"; };
		23BC720E28F0ED8C00D7AD62 /* AccountSummaryHeaderView.swift */ = {isa = PBXFileReference; lastKnownFileType = sourcecode.swift; path = AccountSummaryHeaderView.swift; sourceTree = "<group>"; };
		23BC721028F0EDC400D7AD62 /* AccountSummaryHeaderView.xib */ = {isa = PBXFileReference; lastKnownFileType = file.xib; path = AccountSummaryHeaderView.xib; sourceTree = "<group>"; };
		23FA918328C8DF41007EBB04 /* LoginView.swift */ = {isa = PBXFileReference; lastKnownFileType = sourcecode.swift; path = LoginView.swift; sourceTree = "<group>"; };
		23FA918828CA9BEF007EBB04 /* OnboardingContainerViewController.swift */ = {isa = PBXFileReference; lastKnownFileType = sourcecode.swift; path = OnboardingContainerViewController.swift; sourceTree = "<group>"; };
/* End PBXFileReference section */

/* Begin PBXFrameworksBuildPhase section */
		23682FC428C6345600A49D0F /* Frameworks */ = {
			isa = PBXFrameworksBuildPhase;
			buildActionMask = 2147483647;
			files = (
			);
			runOnlyForDeploymentPostprocessing = 0;
		};
		2368587828F60AB1000DB469 /* Frameworks */ = {
			isa = PBXFrameworksBuildPhase;
			buildActionMask = 2147483647;
			files = (
			);
			runOnlyForDeploymentPostprocessing = 0;
		};
/* End PBXFrameworksBuildPhase section */

/* Begin PBXGroup section */
		230EF1B628F07C390005AD25 /* AccountSummary */ = {
			isa = PBXGroup;
			children = (
				230EF1B728F07C680005AD25 /* AccountSummaryViewController.swift */,
				235B2CF528F1CB6E00EAE64F /* Header */,
				235B2CF628F1CB8200EAE64F /* Cells */,
			);
			name = AccountSummary;
			sourceTree = "<group>";
		};
		235B2CF528F1CB6E00EAE64F /* Header */ = {
			isa = PBXGroup;
			children = (
				23BC720E28F0ED8C00D7AD62 /* AccountSummaryHeaderView.swift */,
				23BC721028F0EDC400D7AD62 /* AccountSummaryHeaderView.xib */,
			);
			name = Header;
			sourceTree = "<group>";
		};
		235B2CF628F1CB8200EAE64F /* Cells */ = {
			isa = PBXGroup;
			children = (
				235B2CF728F1CBB600EAE64F /* AccountSummaryCell.swift */,
			);
			name = Cells;
			sourceTree = "<group>";
		};
		23682FBE28C6345600A49D0F = {
			isa = PBXGroup;
			children = (
				23682FC928C6345600A49D0F /* ios-bankey */,
				2368587C28F60AB1000DB469 /* ios-bankeyUnitTests */,
				23682FC828C6345600A49D0F /* Products */,
			);
			sourceTree = "<group>";
		};
		23682FC828C6345600A49D0F /* Products */ = {
			isa = PBXGroup;
			children = (
				23682FC728C6345600A49D0F /* ios-bankey.app */,
				2368587B28F60AB1000DB469 /* ios-bankeyUnitTests.xctest */,
			);
			name = Products;
			sourceTree = "<group>";
		};
		23682FC928C6345600A49D0F /* ios-bankey */ = {
			isa = PBXGroup;
			children = (
				23682FCA28C6345600A49D0F /* AppDelegate.swift */,
				2379892628EBD982000059F3 /* MainViewController.swift */,
				23FA918228C8DF25007EBB04 /* Login */,
				23FA918728CA9830007EBB04 /* Onboarding */,
				230EF1B628F07C390005AD25 /* AccountSummary */,
				2379892128EBCE4A000059F3 /* Utils */,
				23FA918128C8DEDF007EBB04 /* Files */,
			);
			path = "ios-bankey";
			sourceTree = "<group>";
		};
		2368587C28F60AB1000DB469 /* ios-bankeyUnitTests */ = {
			isa = PBXGroup;
			children = (
				23A496A0290349450008E03E /* CurrencyFormatterTest.swift */,
			);
			path = "ios-bankeyUnitTests";
			sourceTree = "<group>";
		};
		2379892128EBCE4A000059F3 /* Utils */ = {
			isa = PBXGroup;
			children = (
				2379892228EBCE5C000059F3 /* LocalState.swift */,
				2379892428EBD6CB000059F3 /* UVViewController+Utils.swift */,
				235B2CF928F4E5A300EAE64F /* Decimal+Utils.swift */,
				235B2CFB28F4E60900EAE64F /* CurrencyFormatter.swift */,
				235D714A2906FB930055064B /* NSNotificationName.swift */,
				235D714C29070D950055064B /* UITextField+SecureToggle.swift */,
			);
			name = Utils;
			sourceTree = "<group>";
		};
		23FA918128C8DEDF007EBB04 /* Files */ = {
			isa = PBXGroup;
			children = (
				23682FD328C6345A00A49D0F /* Assets.xcassets */,
				23682FD528C6345A00A49D0F /* LaunchScreen.storyboard */,
				23682FD828C6345A00A49D0F /* Info.plist */,
			);
			name = Files;
			sourceTree = "<group>";
		};
		23FA918228C8DF25007EBB04 /* Login */ = {
			isa = PBXGroup;
			children = (
				23682FCE28C6345600A49D0F /* LoginViewController.swift */,
				23FA918328C8DF41007EBB04 /* LoginView.swift */,
				23B434D828D4E6E4000A3FD0 /* DummyViewController.swift */,
			);
			name = Login;
			sourceTree = "<group>";
		};
		23FA918728CA9830007EBB04 /* Onboarding */ = {
			isa = PBXGroup;
			children = (
				23FA918828CA9BEF007EBB04 /* OnboardingContainerViewController.swift */,
				23B434D628D3CD0E000A3FD0 /* OnboardingViewController.swift */,
			);
			name = Onboarding;
			sourceTree = "<group>";
		};
/* End PBXGroup section */

/* Begin PBXNativeTarget section */
		23682FC628C6345600A49D0F /* ios-bankey */ = {
			isa = PBXNativeTarget;
			buildConfigurationList = 23682FDB28C6345A00A49D0F /* Build configuration list for PBXNativeTarget "ios-bankey" */;
			buildPhases = (
				23682FC328C6345600A49D0F /* Sources */,
				23682FC428C6345600A49D0F /* Frameworks */,
				23682FC528C6345600A49D0F /* Resources */,
			);
			buildRules = (
			);
			dependencies = (
			);
			name = "ios-bankey";
			productName = "ios-bankey";
			productReference = 23682FC728C6345600A49D0F /* ios-bankey.app */;
			productType = "com.apple.product-type.application";
		};
		2368587A28F60AB1000DB469 /* ios-bankeyUnitTests */ = {
			isa = PBXNativeTarget;
			buildConfigurationList = 2368588328F60AB1000DB469 /* Build configuration list for PBXNativeTarget "ios-bankeyUnitTests" */;
			buildPhases = (
				2368587728F60AB1000DB469 /* Sources */,
				2368587828F60AB1000DB469 /* Frameworks */,
				2368587928F60AB1000DB469 /* Resources */,
			);
			buildRules = (
			);
			dependencies = (
				2368588028F60AB1000DB469 /* PBXTargetDependency */,
			);
			name = "ios-bankeyUnitTests";
			productName = "ios-bankeyUnitTests";
			productReference = 2368587B28F60AB1000DB469 /* ios-bankeyUnitTests.xctest */;
			productType = "com.apple.product-type.bundle.unit-test";
		};
/* End PBXNativeTarget section */

/* Begin PBXProject section */
		23682FBF28C6345600A49D0F /* Project object */ = {
			isa = PBXProject;
			attributes = {
				BuildIndependentTargetsInParallel = 1;
				LastSwiftUpdateCheck = 1340;
				LastUpgradeCheck = 1340;
				TargetAttributes = {
					23682FC628C6345600A49D0F = {
						CreatedOnToolsVersion = 13.4.1;
					};
					2368587A28F60AB1000DB469 = {
						CreatedOnToolsVersion = 13.4.1;
						LastSwiftMigration = 1400;
						TestTargetID = 23682FC628C6345600A49D0F;
					};
				};
			};
			buildConfigurationList = 23682FC228C6345600A49D0F /* Build configuration list for PBXProject "ios-bankey" */;
			compatibilityVersion = "Xcode 13.0";
			developmentRegion = en;
			hasScannedForEncodings = 0;
			knownRegions = (
				en,
				Base,
			);
			mainGroup = 23682FBE28C6345600A49D0F;
			productRefGroup = 23682FC828C6345600A49D0F /* Products */;
			projectDirPath = "";
			projectRoot = "";
			targets = (
				23682FC628C6345600A49D0F /* ios-bankey */,
				2368587A28F60AB1000DB469 /* ios-bankeyUnitTests */,
			);
		};
/* End PBXProject section */

/* Begin PBXResourcesBuildPhase section */
		23682FC528C6345600A49D0F /* Resources */ = {
			isa = PBXResourcesBuildPhase;
			buildActionMask = 2147483647;
			files = (
				23BC721128F0EDC400D7AD62 /* AccountSummaryHeaderView.xib in Resources */,
				23682FD728C6345A00A49D0F /* LaunchScreen.storyboard in Resources */,
				23682FD428C6345A00A49D0F /* Assets.xcassets in Resources */,
			);
			runOnlyForDeploymentPostprocessing = 0;
		};
		2368587928F60AB1000DB469 /* Resources */ = {
			isa = PBXResourcesBuildPhase;
			buildActionMask = 2147483647;
			files = (
			);
			runOnlyForDeploymentPostprocessing = 0;
		};
/* End PBXResourcesBuildPhase section */

/* Begin PBXSourcesBuildPhase section */
		23682FC328C6345600A49D0F /* Sources */ = {
			isa = PBXSourcesBuildPhase;
			buildActionMask = 2147483647;
			files = (
				23FA918428C8DF41007EBB04 /* LoginView.swift in Sources */,
				2379892328EBCE5C000059F3 /* LocalState.swift in Sources */,
				23B434D928D4E6E4000A3FD0 /* DummyViewController.swift in Sources */,
				23BC720F28F0ED8C00D7AD62 /* AccountSummaryHeaderView.swift in Sources */,
				23682FCF28C6345600A49D0F /* LoginViewController.swift in Sources */,
				235B2CFC28F4E60900EAE64F /* CurrencyFormatter.swift in Sources */,
				235B2CFA28F4E5A300EAE64F /* Decimal+Utils.swift in Sources */,
				235D714B2906FB930055064B /* NSNotificationName.swift in Sources */,
				235D714D29070D950055064B /* UITextField+SecureToggle.swift in Sources */,
				23B434D728D3CD0E000A3FD0 /* OnboardingViewController.swift in Sources */,
				235B2CF828F1CBB600EAE64F /* AccountSummaryCell.swift in Sources */,
				2379892528EBD6CB000059F3 /* UVViewController+Utils.swift in Sources */,
				2379892728EBD982000059F3 /* MainViewController.swift in Sources */,
				230EF1B828F07C680005AD25 /* AccountSummaryViewController.swift in Sources */,
				23682FCB28C6345600A49D0F /* AppDelegate.swift in Sources */,
				23FA918928CA9BEF007EBB04 /* OnboardingContainerViewController.swift in Sources */,
			);
			runOnlyForDeploymentPostprocessing = 0;
		};
		2368587728F60AB1000DB469 /* Sources */ = {
			isa = PBXSourcesBuildPhase;
			buildActionMask = 2147483647;
			files = (
				23A496A1290349460008E03E /* CurrencyFormatterTest.swift in Sources */,
			);
			runOnlyForDeploymentPostprocessing = 0;
		};
/* End PBXSourcesBuildPhase section */

/* Begin PBXTargetDependency section */
		2368588028F60AB1000DB469 /* PBXTargetDependency */ = {
			isa = PBXTargetDependency;
			target = 23682FC628C6345600A49D0F /* ios-bankey */;
			targetProxy = 2368587F28F60AB1000DB469 /* PBXContainerItemProxy */;
		};
/* End PBXTargetDependency section */

/* Begin PBXVariantGroup section */
		23682FD528C6345A00A49D0F /* LaunchScreen.storyboard */ = {
			isa = PBXVariantGroup;
			children = (
				23682FD628C6345A00A49D0F /* Base */,
			);
			name = LaunchScreen.storyboard;
			sourceTree = "<group>";
		};
/* End PBXVariantGroup section */

/* Begin XCBuildConfiguration section */
		23682FD928C6345A00A49D0F /* Debug */ = {
			isa = XCBuildConfiguration;
			buildSettings = {
				ALWAYS_SEARCH_USER_PATHS = NO;
				CLANG_ANALYZER_NONNULL = YES;
				CLANG_ANALYZER_NUMBER_OBJECT_CONVERSION = YES_AGGRESSIVE;
				CLANG_CXX_LANGUAGE_STANDARD = "gnu++17";
				CLANG_ENABLE_MODULES = YES;
				CLANG_ENABLE_OBJC_ARC = YES;
				CLANG_ENABLE_OBJC_WEAK = YES;
				CLANG_WARN_BLOCK_CAPTURE_AUTORELEASING = YES;
				CLANG_WARN_BOOL_CONVERSION = YES;
				CLANG_WARN_COMMA = YES;
				CLANG_WARN_CONSTANT_CONVERSION = YES;
				CLANG_WARN_DEPRECATED_OBJC_IMPLEMENTATIONS = YES;
				CLANG_WARN_DIRECT_OBJC_ISA_USAGE = YES_ERROR;
				CLANG_WARN_DOCUMENTATION_COMMENTS = YES;
				CLANG_WARN_EMPTY_BODY = YES;
				CLANG_WARN_ENUM_CONVERSION = YES;
				CLANG_WARN_INFINITE_RECURSION = YES;
				CLANG_WARN_INT_CONVERSION = YES;
				CLANG_WARN_NON_LITERAL_NULL_CONVERSION = YES;
				CLANG_WARN_OBJC_IMPLICIT_RETAIN_SELF = YES;
				CLANG_WARN_OBJC_LITERAL_CONVERSION = YES;
				CLANG_WARN_OBJC_ROOT_CLASS = YES_ERROR;
				CLANG_WARN_QUOTED_INCLUDE_IN_FRAMEWORK_HEADER = YES;
				CLANG_WARN_RANGE_LOOP_ANALYSIS = YES;
				CLANG_WARN_STRICT_PROTOTYPES = YES;
				CLANG_WARN_SUSPICIOUS_MOVE = YES;
				CLANG_WARN_UNGUARDED_AVAILABILITY = YES_AGGRESSIVE;
				CLANG_WARN_UNREACHABLE_CODE = YES;
				CLANG_WARN__DUPLICATE_METHOD_MATCH = YES;
				COPY_PHASE_STRIP = NO;
				DEBUG_INFORMATION_FORMAT = dwarf;
				ENABLE_STRICT_OBJC_MSGSEND = YES;
				ENABLE_TESTABILITY = YES;
				GCC_C_LANGUAGE_STANDARD = gnu11;
				GCC_DYNAMIC_NO_PIC = NO;
				GCC_NO_COMMON_BLOCKS = YES;
				GCC_OPTIMIZATION_LEVEL = 0;
				GCC_PREPROCESSOR_DEFINITIONS = (
					"DEBUG=1",
					"$(inherited)",
				);
				GCC_WARN_64_TO_32_BIT_CONVERSION = YES;
				GCC_WARN_ABOUT_RETURN_TYPE = YES_ERROR;
				GCC_WARN_UNDECLARED_SELECTOR = YES;
				GCC_WARN_UNINITIALIZED_AUTOS = YES_AGGRESSIVE;
				GCC_WARN_UNUSED_FUNCTION = YES;
				GCC_WARN_UNUSED_VARIABLE = YES;
				IPHONEOS_DEPLOYMENT_TARGET = 15.5;
				MTL_ENABLE_DEBUG_INFO = INCLUDE_SOURCE;
				MTL_FAST_MATH = YES;
				ONLY_ACTIVE_ARCH = YES;
				SDKROOT = iphoneos;
				SWIFT_ACTIVE_COMPILATION_CONDITIONS = DEBUG;
				SWIFT_OPTIMIZATION_LEVEL = "-Onone";
			};
			name = Debug;
		};
		23682FDA28C6345A00A49D0F /* Release */ = {
			isa = XCBuildConfiguration;
			buildSettings = {
				ALWAYS_SEARCH_USER_PATHS = NO;
				CLANG_ANALYZER_NONNULL = YES;
				CLANG_ANALYZER_NUMBER_OBJECT_CONVERSION = YES_AGGRESSIVE;
				CLANG_CXX_LANGUAGE_STANDARD = "gnu++17";
				CLANG_ENABLE_MODULES = YES;
				CLANG_ENABLE_OBJC_ARC = YES;
				CLANG_ENABLE_OBJC_WEAK = YES;
				CLANG_WARN_BLOCK_CAPTURE_AUTORELEASING = YES;
				CLANG_WARN_BOOL_CONVERSION = YES;
				CLANG_WARN_COMMA = YES;
				CLANG_WARN_CONSTANT_CONVERSION = YES;
				CLANG_WARN_DEPRECATED_OBJC_IMPLEMENTATIONS = YES;
				CLANG_WARN_DIRECT_OBJC_ISA_USAGE = YES_ERROR;
				CLANG_WARN_DOCUMENTATION_COMMENTS = YES;
				CLANG_WARN_EMPTY_BODY = YES;
				CLANG_WARN_ENUM_CONVERSION = YES;
				CLANG_WARN_INFINITE_RECURSION = YES;
				CLANG_WARN_INT_CONVERSION = YES;
				CLANG_WARN_NON_LITERAL_NULL_CONVERSION = YES;
				CLANG_WARN_OBJC_IMPLICIT_RETAIN_SELF = YES;
				CLANG_WARN_OBJC_LITERAL_CONVERSION = YES;
				CLANG_WARN_OBJC_ROOT_CLASS = YES_ERROR;
				CLANG_WARN_QUOTED_INCLUDE_IN_FRAMEWORK_HEADER = YES;
				CLANG_WARN_RANGE_LOOP_ANALYSIS = YES;
				CLANG_WARN_STRICT_PROTOTYPES = YES;
				CLANG_WARN_SUSPICIOUS_MOVE = YES;
				CLANG_WARN_UNGUARDED_AVAILABILITY = YES_AGGRESSIVE;
				CLANG_WARN_UNREACHABLE_CODE = YES;
				CLANG_WARN__DUPLICATE_METHOD_MATCH = YES;
				COPY_PHASE_STRIP = NO;
				DEBUG_INFORMATION_FORMAT = "dwarf-with-dsym";
				ENABLE_NS_ASSERTIONS = NO;
				ENABLE_STRICT_OBJC_MSGSEND = YES;
				GCC_C_LANGUAGE_STANDARD = gnu11;
				GCC_NO_COMMON_BLOCKS = YES;
				GCC_WARN_64_TO_32_BIT_CONVERSION = YES;
				GCC_WARN_ABOUT_RETURN_TYPE = YES_ERROR;
				GCC_WARN_UNDECLARED_SELECTOR = YES;
				GCC_WARN_UNINITIALIZED_AUTOS = YES_AGGRESSIVE;
				GCC_WARN_UNUSED_FUNCTION = YES;
				GCC_WARN_UNUSED_VARIABLE = YES;
				IPHONEOS_DEPLOYMENT_TARGET = 15.5;
				MTL_ENABLE_DEBUG_INFO = NO;
				MTL_FAST_MATH = YES;
				SDKROOT = iphoneos;
				SWIFT_COMPILATION_MODE = wholemodule;
				SWIFT_OPTIMIZATION_LEVEL = "-O";
				VALIDATE_PRODUCT = YES;
			};
			name = Release;
		};
		23682FDC28C6345A00A49D0F /* Debug */ = {
			isa = XCBuildConfiguration;
			buildSettings = {
				ASSETCATALOG_COMPILER_APPICON_NAME = AppIcon;
				ASSETCATALOG_COMPILER_GLOBAL_ACCENT_COLOR_NAME = AccentColor;
				CODE_SIGN_STYLE = Automatic;
				CURRENT_PROJECT_VERSION = 1;
				DEVELOPMENT_TEAM = 3KNG2F4XC7;
				GENERATE_INFOPLIST_FILE = YES;
				INFOPLIST_FILE = "ios-bankey/Info.plist";
				INFOPLIST_KEY_UIApplicationSupportsIndirectInputEvents = YES;
				INFOPLIST_KEY_UILaunchStoryboardName = LaunchScreen;
				INFOPLIST_KEY_UISupportedInterfaceOrientations_iPad = "UIInterfaceOrientationPortrait UIInterfaceOrientationPortraitUpsideDown UIInterfaceOrientationLandscapeLeft UIInterfaceOrientationLandscapeRight";
				INFOPLIST_KEY_UISupportedInterfaceOrientations_iPhone = "UIInterfaceOrientationPortrait UIInterfaceOrientationLandscapeLeft UIInterfaceOrientationLandscapeRight";
				LD_RUNPATH_SEARCH_PATHS = (
					"$(inherited)",
					"@executable_path/Frameworks",
				);
				MARKETING_VERSION = 1.0;
				PRODUCT_BUNDLE_IDENTIFIER = "com.jarestrepogu.ios-bankey";
				PRODUCT_NAME = "$(TARGET_NAME)";
				SWIFT_EMIT_LOC_STRINGS = YES;
				SWIFT_VERSION = 5.0;
				TARGETED_DEVICE_FAMILY = "1,2";
			};
			name = Debug;
		};
		23682FDD28C6345A00A49D0F /* Release */ = {
			isa = XCBuildConfiguration;
			buildSettings = {
				ASSETCATALOG_COMPILER_APPICON_NAME = AppIcon;
				ASSETCATALOG_COMPILER_GLOBAL_ACCENT_COLOR_NAME = AccentColor;
				CODE_SIGN_STYLE = Automatic;
				CURRENT_PROJECT_VERSION = 1;
				DEVELOPMENT_TEAM = 3KNG2F4XC7;
				GENERATE_INFOPLIST_FILE = YES;
				INFOPLIST_FILE = "ios-bankey/Info.plist";
				INFOPLIST_KEY_UIApplicationSupportsIndirectInputEvents = YES;
				INFOPLIST_KEY_UILaunchStoryboardName = LaunchScreen;
				INFOPLIST_KEY_UISupportedInterfaceOrientations_iPad = "UIInterfaceOrientationPortrait UIInterfaceOrientationPortraitUpsideDown UIInterfaceOrientationLandscapeLeft UIInterfaceOrientationLandscapeRight";
				INFOPLIST_KEY_UISupportedInterfaceOrientations_iPhone = "UIInterfaceOrientationPortrait UIInterfaceOrientationLandscapeLeft UIInterfaceOrientationLandscapeRight";
				LD_RUNPATH_SEARCH_PATHS = (
					"$(inherited)",
					"@executable_path/Frameworks",
				);
				MARKETING_VERSION = 1.0;
				PRODUCT_BUNDLE_IDENTIFIER = "com.jarestrepogu.ios-bankey";
				PRODUCT_NAME = "$(TARGET_NAME)";
				SWIFT_EMIT_LOC_STRINGS = YES;
				SWIFT_VERSION = 5.0;
				TARGETED_DEVICE_FAMILY = "1,2";
			};
			name = Release;
		};
		2368588128F60AB1000DB469 /* Debug */ = {
			isa = XCBuildConfiguration;
			buildSettings = {
				BUNDLE_LOADER = "$(TEST_HOST)";
				CLANG_ENABLE_MODULES = YES;
				CODE_SIGN_STYLE = Automatic;
				CURRENT_PROJECT_VERSION = 1;
				DEVELOPMENT_TEAM = 3KNG2F4XC7;
				GENERATE_INFOPLIST_FILE = YES;
				LD_RUNPATH_SEARCH_PATHS = (
					"$(inherited)",
					"@executable_path/Frameworks",
					"@loader_path/Frameworks",
				);
				MARKETING_VERSION = 1.0;
				PRODUCT_BUNDLE_IDENTIFIER = "com.jarestrepogu.ios-bankeyUnitTests";
				PRODUCT_NAME = "$(TARGET_NAME)";
				SWIFT_EMIT_LOC_STRINGS = NO;
				SWIFT_OPTIMIZATION_LEVEL = "-Onone";
				SWIFT_VERSION = 5.0;
				TARGETED_DEVICE_FAMILY = "1,2";
				TEST_HOST = "$(BUILT_PRODUCTS_DIR)/ios-bankey.app/ios-bankey";
			};
			name = Debug;
		};
		2368588228F60AB1000DB469 /* Release */ = {
			isa = XCBuildConfiguration;
			buildSettings = {
				BUNDLE_LOADER = "$(TEST_HOST)";
				CLANG_ENABLE_MODULES = YES;
				CODE_SIGN_STYLE = Automatic;
				CURRENT_PROJECT_VERSION = 1;
				DEVELOPMENT_TEAM = 3KNG2F4XC7;
				GENERATE_INFOPLIST_FILE = YES;
				LD_RUNPATH_SEARCH_PATHS = (
					"$(inherited)",
					"@executable_path/Frameworks",
					"@loader_path/Frameworks",
				);
				MARKETING_VERSION = 1.0;
				PRODUCT_BUNDLE_IDENTIFIER = "com.jarestrepogu.ios-bankeyUnitTests";
				PRODUCT_NAME = "$(TARGET_NAME)";
				SWIFT_EMIT_LOC_STRINGS = NO;
				SWIFT_VERSION = 5.0;
				TARGETED_DEVICE_FAMILY = "1,2";
				TEST_HOST = "$(BUILT_PRODUCTS_DIR)/ios-bankey.app/ios-bankey";
			};
			name = Release;
		};
/* End XCBuildConfiguration section */

/* Begin XCConfigurationList section */
		23682FC228C6345600A49D0F /* Build configuration list for PBXProject "ios-bankey" */ = {
			isa = XCConfigurationList;
			buildConfigurations = (
				23682FD928C6345A00A49D0F /* Debug */,
				23682FDA28C6345A00A49D0F /* Release */,
			);
			defaultConfigurationIsVisible = 0;
			defaultConfigurationName = Release;
		};
		23682FDB28C6345A00A49D0F /* Build configuration list for PBXNativeTarget "ios-bankey" */ = {
			isa = XCConfigurationList;
			buildConfigurations = (
				23682FDC28C6345A00A49D0F /* Debug */,
				23682FDD28C6345A00A49D0F /* Release */,
			);
			defaultConfigurationIsVisible = 0;
			defaultConfigurationName = Release;
		};
		2368588328F60AB1000DB469 /* Build configuration list for PBXNativeTarget "ios-bankeyUnitTests" */ = {
			isa = XCConfigurationList;
			buildConfigurations = (
				2368588128F60AB1000DB469 /* Debug */,
				2368588228F60AB1000DB469 /* Release */,
			);
			defaultConfigurationIsVisible = 0;
			defaultConfigurationName = Release;
		};
/* End XCConfigurationList section */
	};
	rootObject = 23682FBF28C6345600A49D0F /* Project object */;
}
